{
  "version": 1,
  "dependencies": {
    "net8.0": {
      "StyleCop.Analyzers": {
        "type": "Direct",
        "requested": "[1.2.0-beta.321, )",
        "resolved": "1.2.0-beta.321",
        "contentHash": "immyDIuCjDT2sxv+mAhQ2IH4HyiHJkAvKqK7l1ksJDWAOdeAvkco7EZ14IGWbiWNOEBRm1p7P9UAbfgT9aJSEA==",
        "dependencies": {
          "StyleCop.Analyzers.Unstable": "1.2.0.321"
        }
      },
      "StyleCop.Analyzers.Unstable": {
        "type": "Transitive",
        "resolved": "1.2.0.321",
        "contentHash": "CLL1cwvzGyXsCDzHQuAV3STrkIfTXqlS/vnxJTlSiRmmFjnTnoNVIZWwv738/hWxoh8MjPyHlp7eLossZIB5kg=="
      }
    }
  }
}